<?xml version="1.0" encoding="utf-8"?>
<Project ToolsVersion="4.0" xmlns="http://schemas.microsoft.com/developer/msbuild/2003">
  <ItemGroup>
    <Filter Include="Source Files">
      <UniqueIdentifier>{4FC737F1-C7A5-4376-A066-2A32D752A2FF}</UniqueIdentifier>
      <Extensions>cpp;c;cc;cxx;c++;cppm;ixx;def;odl;idl;hpj;bat;asm;asmx</Extensions>
    </Filter>
    <Filter Include="Header Files">
      <UniqueIdentifier>{93995380-89BD-4b04-88EB-625FBE52EBFB}</UniqueIdentifier>
      <Extensions>h;hh;hpp;hxx;h++;hm;inl;inc;ipp;xsd</Extensions>
    </Filter>
    <Filter Include="Resource Files">
      <UniqueIdentifier>{67DA6AB6-F800-4c08-8B7A-83BB121AAD01}</UniqueIdentifier>
      <Extensions>rc;ico;cur;bmp;dlg;rc2;rct;bin;rgs;gif;jpg;jpeg;jpe;resx;tiff;tif;png;wav;mfcribbon-ms</Extensions>
    </Filter>
  </ItemGroup>
  <ItemGroup>
    <ClCompile Include="main.cpp">
      <Filter>Source Files</Filter>
    </ClCompile>
    <ClCompile Include="camera.cpp">
      <Filter>Source Files</Filter>
    </ClCompile>
    <ClCompile Include="texture.cpp">
      <Filter>Source Files</Filter>
    </ClCompile>
    <ClCompile Include="game.cpp">
      <Filter>Source Files</Filter>
    </ClCompile>
    <ClCompile Include="mesh.cpp">
      <Filter>Source Files</Filter>
    </ClCompile>
    <ClCompile Include="technique.cpp">
      <Filter>Source Files</Filter>
    </ClCompile>
    <ClCompile Include="lightingTechnique.cpp">
      <Filter>Source Files</Filter>
    </ClCompile>
    <ClCompile Include="assimp_sandbox.cpp">
      <Filter>Source Files</Filter>
    </ClCompile>
    <ClCompile Include="skinnedMesh.cpp">
      <Filter>Source Files</Filter>
    </ClCompile>
    <ClCompile Include="baseTerrain.cpp">
      <Filter>Source Files</Filter>
    </ClCompile>
    <ClCompile Include="triangleList.cpp">
      <Filter>Source Files</Filter>
    </ClCompile>
    <ClCompile Include="terrainTehnique.cpp">
      <Filter>Source Files</Filter>
    </ClCompile>
    <ClCompile Include="faultFormationTerrain.cpp">
      <Filter>Source Files</Filter>
    </ClCompile>
    <ClCompile Include="imgui_impl_glfw.cpp">
      <Filter>Source Files</Filter>
    </ClCompile>
    <ClCompile Include="imgui_draw.cpp">
      <Filter>Source Files</Filter>
    </ClCompile>
    <ClCompile Include="imgui_impl_opengl3.cpp">
      <Filter>Source Files</Filter>
    </ClCompile>
    <ClCompile Include="imgui_widgets.cpp">
      <Filter>Source Files</Filter>
    </ClCompile>
    <ClCompile Include="imgui_tables.cpp">
      <Filter>Source Files</Filter>
    </ClCompile>
    <ClCompile Include="imgui.cpp">
      <Filter>Source Files</Filter>
    </ClCompile>
    <ClCompile Include="midPointDispTerrain.cpp">
      <Filter>Source Files</Filter>
    </ClCompile>
    <ClCompile Include="textureGenerator.cpp">
      <Filter>Source Files</Filter>
    </ClCompile>
    <ClCompile Include="singleTexTerrainTechnique.cpp">
      <Filter>Source Files</Filter>
    </ClCompile>
    <ClCompile Include="geomipGrid.cpp">
      <Filter>Source Files</Filter>
    </ClCompile>
    <ClCompile Include="lodManager.cpp">
      <Filter>Source Files</Filter>
    </ClCompile>
    <ClCompile Include="math.cpp">
      <Filter>Source Files</Filter>
    </ClCompile>
    <ClCompile Include="PhysicsEngine\boundingSphere.cpp">
      <Filter>Source Files</Filter>
    </ClCompile>
    <ClCompile Include="PhysicsEngine\aabb.cpp">
      <Filter>Source Files</Filter>
    </ClCompile>
    <ClCompile Include="PhysicsEngine\plane.cpp">
      <Filter>Source Files</Filter>
    </ClCompile>
    <ClCompile Include="PhysicsEngine\physicsObject.cpp">
      <Filter>Source Files</Filter>
    </ClCompile>
    <ClCompile Include="PhysicsEngine\physicsEngine.cpp">
      <Filter>Source Files</Filter>
    </ClCompile>
    <ClCompile Include="3DObjects\cube.cpp">
      <Filter>Source Files</Filter>
    </ClCompile>
    <ClCompile Include="objectTechnique.cpp">
      <Filter>Source Files</Filter>
    </ClCompile>
    <ClCompile Include="PhysicsEngine\physicsObjectComponent.cpp">
      <Filter>Source Files</Filter>
    </ClCompile>
    <ClCompile Include="PhysicsEngine\collider.cpp">
      <Filter>Source Files</Filter>
    </ClCompile>
    <ClCompile Include="3DObjects\plane.cpp">
      <Filter>Source Files</Filter>
    </ClCompile>
    <ClCompile Include="3DObjects\lightweightCube.cpp">
      <Filter>Source Files</Filter>
    </ClCompile>
    <ClCompile Include="3DObjects\renderer.cpp">
      <Filter>Source Files</Filter>
    </ClCompile>
  </ItemGroup>
  <ItemGroup>
    <None Include="x64\Debug\freeglutd.dll" />
    <None Include="x64\Debug\glew32.dll" />
    <None Include="shader.vs" />
    <None Include="shader.fs" />
    <None Include="spider.fbx" />
    <None Include="spider.mtl" />
    <None Include="Models\Files\untitled.mtl" />
    <None Include="Models\Doom\boblampclean.md5anim" />
    <None Include="Models\Doom\boblampclean.md5mesh" />
    <None Include="terrainShader.vs" />
    <None Include="terrainShader.fs" />
    <None Include="packages.config" />
    <None Include="terrainSingleTexShader.vs" />
    <None Include="terrainSingleTexShader.fs" />
    <None Include="objectShader.vs" />
    <None Include="objectShader.fs" />
    <None Include="lightweightObjectShader.vs" />
    <None Include="lightweightObjectShader.fs" />
  </ItemGroup>
  <ItemGroup>
    <ClInclude Include="math.h">
      <Filter>Header Files</Filter>
    </ClInclude>
    <ClInclude Include="util.h">
      <Filter>Header Files</Filter>
    </ClInclude>
    <ClInclude Include="prerequisites.h">
      <Filter>Header Files</Filter>
    </ClInclude>
    <ClInclude Include="camera.h">
      <Filter>Header Files</Filter>
    </ClInclude>
    <ClInclude Include="stb_image.h">
      <Filter>Header Files</Filter>
    </ClInclude>
    <ClInclude Include="texture.h">
      <Filter>Header Files</Filter>
    </ClInclude>
    <ClInclude Include="game.h">
      <Filter>Header Files</Filter>
    </ClInclude>
    <ClInclude Include="mesh.h">
      <Filter>Header Files</Filter>
    </ClInclude>
    <ClInclude Include="technique.h">
      <Filter>Header Files</Filter>
    </ClInclude>
    <ClInclude Include="lightingTechnique.h">
      <Filter>Header Files</Filter>
    </ClInclude>
    <ClInclude Include="material.h">
      <Filter>Header Files</Filter>
    </ClInclude>
    <ClInclude Include="skinnedMesh.h">
      <Filter>Header Files</Filter>
    </ClInclude>
    <ClInclude Include="time.h">
      <Filter>Header Files</Filter>
    </ClInclude>
    <ClInclude Include="baseTerrain.h">
      <Filter>Header Files</Filter>
    </ClInclude>
    <ClInclude Include="triangleList.h">
      <Filter>Header Files</Filter>
    </ClInclude>
    <ClInclude Include="terrainTehnique.h">
      <Filter>Header Files</Filter>
    </ClInclude>
    <ClInclude Include="faultFormationTerrain.h">
      <Filter>Header Files</Filter>
    </ClInclude>
    <ClInclude Include="imgui.h">
      <Filter>Header Files</Filter>
    </ClInclude>
    <ClInclude Include="imconfig.h">
      <Filter>Header Files</Filter>
    </ClInclude>
    <ClInclude Include="imgui_impl_glfw.h">
      <Filter>Header Files</Filter>
    </ClInclude>
    <ClInclude Include="imgui_impl_opengl3.h">
      <Filter>Header Files</Filter>
    </ClInclude>
    <ClInclude Include="imgui_impl_opengl3_loader.h">
      <Filter>Header Files</Filter>
    </ClInclude>
    <ClInclude Include="imgui_internal.h">
      <Filter>Header Files</Filter>
    </ClInclude>
    <ClInclude Include="imstb_rectpack.h">
      <Filter>Header Files</Filter>
    </ClInclude>
    <ClInclude Include="imstb_textedit.h">
      <Filter>Header Files</Filter>
    </ClInclude>
    <ClInclude Include="imstb_truetype.h">
      <Filter>Header Files</Filter>
    </ClInclude>
    <ClInclude Include="midPointDispTerrain.h">
      <Filter>Header Files</Filter>
    </ClInclude>
    <ClInclude Include="glfw.h">
      <Filter>Header Files</Filter>
    </ClInclude>
    <ClInclude Include="textureGenerator.h">
      <Filter>Header Files</Filter>
    </ClInclude>
    <ClInclude Include="STBImage.h">
      <Filter>Header Files</Filter>
    </ClInclude>
    <ClInclude Include="stb_image_write.h">
      <Filter>Header Files</Filter>
    </ClInclude>
    <ClInclude Include="singleTexTerrainTechnique.h">
      <Filter>Header Files</Filter>
    </ClInclude>
    <ClInclude Include="GLSL.h">
      <Filter>Header Files</Filter>
    </ClInclude>
    <ClInclude Include="geomipGrid.h">
      <Filter>Header Files</Filter>
    </ClInclude>
    <ClInclude Include="lodManager.h">
      <Filter>Header Files</Filter>
    </ClInclude>
    <ClInclude Include="frustumCulling.h">
      <Filter>Header Files</Filter>
    </ClInclude>
    <ClInclude Include="PhysicsEngine\boundingSphere.h">
      <Filter>Header Files</Filter>
    </ClInclude>
    <ClInclude Include="PhysicsEngine\intersectData.h">
      <Filter>Header Files</Filter>
    </ClInclude>
    <ClInclude Include="PhysicsEngine\aabb.h">
      <Filter>Header Files</Filter>
    </ClInclude>
    <ClInclude Include="PhysicsEngine\plane.h">
      <Filter>Header Files</Filter>
    </ClInclude>
    <ClInclude Include="PhysicsEngine\physicsObject.h">
      <Filter>Header Files</Filter>
    </ClInclude>
    <ClInclude Include="PhysicsEngine\physicsEngine.h">
      <Filter>Header Files</Filter>
    </ClInclude>
    <ClInclude Include="3DObjects\cube.h">
      <Filter>Header Files</Filter>
    </ClInclude>
    <ClInclude Include="objectTechnique.h">
      <Filter>Header Files</Filter>
    </ClInclude>
    <ClInclude Include="PhysicsEngine\physicsObjectComponent.h">
      <Filter>Header Files</Filter>
    </ClInclude>
    <ClInclude Include="PhysicsEngine\collider.h">
      <Filter>Header Files</Filter>
    </ClInclude>
    <ClInclude Include="customDebugDrawer.h">
      <Filter>Header Files</Filter>
    </ClInclude>
    <ClInclude Include="3DObjects\plane.h">
      <Filter>Header Files</Filter>
    </ClInclude>
    <ClInclude Include="3DObjects\lightweightCube.h">
      <Filter>Header Files</Filter>
    </ClInclude>
    <ClInclude Include="3DObjects\renderer.h">
      <Filter>Header Files</Filter>
    </ClInclude>
  </ItemGroup>
  <ItemGroup>
    <Image Include="bricks.jpg">
      <Filter>Resource Files</Filter>
    </Image>
    <Image Include="SpiderTex.jpg">
      <Filter>Resource Files</Filter>
    </Image>
    <Image Include="engineflare1.jpg">
      <Filter>Resource Files</Filter>
    </Image>
    <Image Include="drkwood2.jpg">
      <Filter>Resource Files</Filter>
    </Image>
    <Image Include="wal67ar_small.jpg">
      <Filter>Resource Files</Filter>
    </Image>
    <Image Include="wal69ar_small.jpg">
      <Filter>Resource Files</Filter>
    </Image>
    <Image Include="Models\Textures\BrickRound0105_5_SPEC.png">
      <Filter>Resource Files</Filter>
    </Image>
    <Image Include="Models\Textures\BrickRound0105_5_S.jpg">
      <Filter>Resource Files</Filter>
    </Image>
    <Image Include="Models\Textures\BrickRound0105_5_S_BUMP.png">
      <Filter>Resource Files</Filter>
    </Image>
    <Image Include="Models\Files\BrickRound0105_5_S.jpg">
      <Filter>Resource Files</Filter>
    </Image>
    <Image Include="Models\Files\BrickRound0105_5_S_BUMP.png">
      <Filter>Resource Files</Filter>
    </Image>
    <Image Include="Models\Files\BrickRound0105_5_SPEC.png">
      <Filter>Resource Files</Filter>
    </Image>
  </ItemGroup>
  <ItemGroup>
    <Library Include="Lib\assimp-vc143-mt.lib" />
    <Library Include="Lib\freeglut.lib" />
    <Library Include="Lib\freeglutd.lib" />
    <Library Include="Lib\freetype-gl.lib" />
    <Library Include="Lib\glew32.lib" />
    <Library Include="Lib\glfw3.lib" />
    <Library Include="Lib\OpenGL32.Lib" />
    <Library Include="Lib\glfw3dll.lib" />
    <Library Include="Lib\openvr_api.lib" />
    <Library Include="Lib\BulletCollision_Debug.lib" />
    <Library Include="Lib\BulletDynamics_Debug.lib" />
    <Library Include="Lib\LinearMath_Debug.lib" />
  </ItemGroup>
</Project>